// !$*UTF8*$!
{
	archiveVersion = 1;
	classes = {
	};
	objectVersion = 46;
	objects = {

/* Begin PBXBuildFile section */
		2637819E1E65B71500BE6706 /* main.swift in Sources */ = {isa = PBXBuildFile; fileRef = 2637819D1E65B71500BE6706 /* main.swift */; };
		263781A71E65C67500BE6706 /* IOWrapper.swift in Sources */ = {isa = PBXBuildFile; fileRef = 263781A61E65C67500BE6706 /* IOWrapper.swift */; };
		263781A91E65C79400BE6706 /* JSONToSwiftError.swift in Sources */ = {isa = PBXBuildFile; fileRef = 263781A81E65C79400BE6706 /* JSONToSwiftError.swift */; };
		263781AB1E65C87000BE6706 /* JSONCollection.swift in Sources */ = {isa = PBXBuildFile; fileRef = 263781AA1E65C87000BE6706 /* JSONCollection.swift */; };
		263781AD1E65C92700BE6706 /* JSONToSwift.swift in Sources */ = {isa = PBXBuildFile; fileRef = 263781AC1E65C92700BE6706 /* JSONToSwift.swift */; };
		263781AF1E65C97600BE6706 /* JSONInteractor.swift in Sources */ = {isa = PBXBuildFile; fileRef = 263781AE1E65C97600BE6706 /* JSONInteractor.swift */; };
		263781B11E65DC8900BE6706 /* JSONType.swift in Sources */ = {isa = PBXBuildFile; fileRef = 263781B01E65DC8900BE6706 /* JSONType.swift */; };
		263781B31E65DE9C00BE6706 /* FileTextBlock.swift in Sources */ = {isa = PBXBuildFile; fileRef = 263781B21E65DE9C00BE6706 /* FileTextBlock.swift */; };
		26FA93221E674F5C00A5DF05 /* DataRouter.swift in Sources */ = {isa = PBXBuildFile; fileRef = 26FA93211E674F5C00A5DF05 /* DataRouter.swift */; };
		26FA93241E67531800A5DF05 /* LaunchRouter.swift in Sources */ = {isa = PBXBuildFile; fileRef = 26FA93231E67531800A5DF05 /* LaunchRouter.swift */; };
		26FAFDAC1E6721FE00609139 /* RecognizedArguments.swift in Sources */ = {isa = PBXBuildFile; fileRef = 26FAFDAB1E6721FE00609139 /* RecognizedArguments.swift */; };
		AF0EB4BD1E69F2F90037BBCF /* SwiftLanguage.swift in Sources */ = {isa = PBXBuildFile; fileRef = AF0EB4BC1E69F2F90037BBCF /* SwiftLanguage.swift */; };
		AF5A59D71E69BFDE009F531E /* String+CamelCase.swift in Sources */ = {isa = PBXBuildFile; fileRef = AF5A59D61E69BFDE009F531E /* String+CamelCase.swift */; };
		AF5A59D91E69C110009F531E /* Character+Uppercase.swift in Sources */ = {isa = PBXBuildFile; fileRef = AF5A59D81E69C110009F531E /* Character+Uppercase.swift */; };
		AF5C0AE81E69CEAB00CBC93E /* String+Uppercase.swift in Sources */ = {isa = PBXBuildFile; fileRef = AF5C0AE71E69CEAB00CBC93E /* String+Uppercase.swift */; };
		AF5C0AEA1E69D17500CBC93E /* String+Filtering.swift in Sources */ = {isa = PBXBuildFile; fileRef = AF5C0AE91E69D17500CBC93E /* String+Filtering.swift */; };
/* End PBXBuildFile section */

/* Begin PBXCopyFilesBuildPhase section */
		263781981E65B71500BE6706 /* CopyFiles */ = {
			isa = PBXCopyFilesBuildPhase;
			buildActionMask = 2147483647;
			dstPath = /usr/share/man/man1/;
			dstSubfolderSpec = 0;
			files = (
			);
			runOnlyForDeploymentPostprocessing = 1;
		};
/* End PBXCopyFilesBuildPhase section */

/* Begin PBXFileReference section */
		2637819A1E65B71500BE6706 /* JSONSwiftGenerator */ = {isa = PBXFileReference; explicitFileType = "compiled.mach-o.executable"; includeInIndex = 0; path = JSONSwiftGenerator; sourceTree = BUILT_PRODUCTS_DIR; };
		2637819D1E65B71500BE6706 /* main.swift */ = {isa = PBXFileReference; lastKnownFileType = sourcecode.swift; path = main.swift; sourceTree = "<group>"; };
		263781A61E65C67500BE6706 /* IOWrapper.swift */ = {isa = PBXFileReference; fileEncoding = 4; lastKnownFileType = sourcecode.swift; name = IOWrapper.swift; path = IO/IOWrapper.swift; sourceTree = "<group>"; };
		263781A81E65C79400BE6706 /* JSONToSwiftError.swift */ = {isa = PBXFileReference; fileEncoding = 4; lastKnownFileType = sourcecode.swift; name = JSONToSwiftError.swift; path = Generator/JSONToSwiftError.swift; sourceTree = "<group>"; };
		263781AA1E65C87000BE6706 /* JSONCollection.swift */ = {isa = PBXFileReference; fileEncoding = 4; lastKnownFileType = sourcecode.swift; name = JSONCollection.swift; path = Generator/JSONCollection.swift; sourceTree = "<group>"; };
		263781AC1E65C92700BE6706 /* JSONToSwift.swift */ = {isa = PBXFileReference; fileEncoding = 4; lastKnownFileType = sourcecode.swift; name = JSONToSwift.swift; path = Generator/JSONToSwift.swift; sourceTree = "<group>"; };
		263781AE1E65C97600BE6706 /* JSONInteractor.swift */ = {isa = PBXFileReference; fileEncoding = 4; lastKnownFileType = sourcecode.swift; name = JSONInteractor.swift; path = Generator/JSONInteractor.swift; sourceTree = "<group>"; };
		263781B01E65DC8900BE6706 /* JSONType.swift */ = {isa = PBXFileReference; fileEncoding = 4; lastKnownFileType = sourcecode.swift; name = JSONType.swift; path = Generator/JSONType.swift; sourceTree = "<group>"; };
		263781B21E65DE9C00BE6706 /* FileTextBlock.swift */ = {isa = PBXFileReference; fileEncoding = 4; lastKnownFileType = sourcecode.swift; name = FileTextBlock.swift; path = Generator/FileTextBlock.swift; sourceTree = "<group>"; };
		26FA93211E674F5C00A5DF05 /* DataRouter.swift */ = {isa = PBXFileReference; fileEncoding = 4; lastKnownFileType = sourcecode.swift; name = DataRouter.swift; path = IO/DataRouter.swift; sourceTree = "<group>"; };
		26FA93231E67531800A5DF05 /* LaunchRouter.swift */ = {isa = PBXFileReference; fileEncoding = 4; lastKnownFileType = sourcecode.swift; name = LaunchRouter.swift; path = Router/LaunchRouter.swift; sourceTree = "<group>"; };
		26FAFDA91E671B0600609139 /* README.md */ = {isa = PBXFileReference; fileEncoding = 4; lastKnownFileType = net.daringfireball.markdown; path = README.md; sourceTree = SOURCE_ROOT; };
		26FAFDAB1E6721FE00609139 /* RecognizedArguments.swift */ = {isa = PBXFileReference; fileEncoding = 4; lastKnownFileType = sourcecode.swift; name = RecognizedArguments.swift; path = IO/RecognizedArguments.swift; sourceTree = "<group>"; };
		AF0EB4BC1E69F2F90037BBCF /* SwiftLanguage.swift */ = {isa = PBXFileReference; fileEncoding = 4; lastKnownFileType = sourcecode.swift; path = SwiftLanguage.swift; sourceTree = "<group>"; };
		AF5A59D61E69BFDE009F531E /* String+CamelCase.swift */ = {isa = PBXFileReference; fileEncoding = 4; lastKnownFileType = sourcecode.swift; path = "String+CamelCase.swift"; sourceTree = "<group>"; };
		AF5A59D81E69C110009F531E /* Character+Uppercase.swift */ = {isa = PBXFileReference; fileEncoding = 4; lastKnownFileType = sourcecode.swift; path = "Character+Uppercase.swift"; sourceTree = "<group>"; };
		AF5C0AE71E69CEAB00CBC93E /* String+Uppercase.swift */ = {isa = PBXFileReference; fileEncoding = 4; lastKnownFileType = sourcecode.swift; path = "String+Uppercase.swift"; sourceTree = "<group>"; };
		AF5C0AE91E69D17500CBC93E /* String+Filtering.swift */ = {isa = PBXFileReference; fileEncoding = 4; lastKnownFileType = sourcecode.swift; path = "String+Filtering.swift"; sourceTree = "<group>"; };
/* End PBXFileReference section */

/* Begin PBXFrameworksBuildPhase section */
		263781971E65B71500BE6706 /* Frameworks */ = {
			isa = PBXFrameworksBuildPhase;
			buildActionMask = 2147483647;
			files = (
			);
			runOnlyForDeploymentPostprocessing = 0;
		};
/* End PBXFrameworksBuildPhase section */

/* Begin PBXGroup section */
		263781911E65B71500BE6706 = {
			isa = PBXGroup;
			children = (
				2637819C1E65B71500BE6706 /* JSONSwiftGenerator */,
				2637819B1E65B71500BE6706 /* Products */,
			);
			sourceTree = "<group>";
		};
		2637819B1E65B71500BE6706 /* Products */ = {
			isa = PBXGroup;
			children = (
				2637819A1E65B71500BE6706 /* JSONSwiftGenerator */,
			);
			name = Products;
			sourceTree = "<group>";
		};
		2637819C1E65B71500BE6706 /* JSONSwiftGenerator */ = {
			isa = PBXGroup;
			children = (
				26FA93251E67532400A5DF05 /* Routers */,
				263781A51E65C66100BE6706 /* IO */,
				263781A41E65B7A400BE6706 /* Generator */,
				AF5A59D51E69BFD0009F531E /* Extensions */,
				2637819D1E65B71500BE6706 /* main.swift */,
				26FAFDA91E671B0600609139 /* README.md */,
			);
			path = JSONSwiftGenerator;
			sourceTree = "<group>";
		};
		263781A41E65B7A400BE6706 /* Generator */ = {
			isa = PBXGroup;
			children = (
				263781A81E65C79400BE6706 /* JSONToSwiftError.swift */,
				263781AA1E65C87000BE6706 /* JSONCollection.swift */,
				263781AE1E65C97600BE6706 /* JSONInteractor.swift */,
				263781B21E65DE9C00BE6706 /* FileTextBlock.swift */,
				263781B01E65DC8900BE6706 /* JSONType.swift */,
				263781AC1E65C92700BE6706 /* JSONToSwift.swift */,
				AF0EB4BC1E69F2F90037BBCF /* SwiftLanguage.swift */,
			);
			name = Generator;
			sourceTree = "<group>";
		};
		263781A51E65C66100BE6706 /* IO */ = {
			isa = PBXGroup;
			children = (
				263781A61E65C67500BE6706 /* IOWrapper.swift */,
				26FAFDAB1E6721FE00609139 /* RecognizedArguments.swift */,
				26FA93211E674F5C00A5DF05 /* DataRouter.swift */,
			);
			name = IO;
			sourceTree = "<group>";
		};
		26FA93251E67532400A5DF05 /* Routers */ = {
			isa = PBXGroup;
			children = (
				26FA93231E67531800A5DF05 /* LaunchRouter.swift */,
			);
			name = Routers;
			sourceTree = "<group>";
		};
		AF5A59D51E69BFD0009F531E /* Extensions */ = {
			isa = PBXGroup;
			children = (
				AF5C0AE91E69D17500CBC93E /* String+Filtering.swift */,
				AF5A59D61E69BFDE009F531E /* String+CamelCase.swift */,
				AF5C0AE71E69CEAB00CBC93E /* String+Uppercase.swift */,
				AF5A59D81E69C110009F531E /* Character+Uppercase.swift */,
			);
			name = Extensions;
			sourceTree = "<group>";
		};
/* End PBXGroup section */

/* Begin PBXNativeTarget section */
		263781991E65B71500BE6706 /* JSONSwiftGenerator */ = {
			isa = PBXNativeTarget;
			buildConfigurationList = 263781A11E65B71500BE6706 /* Build configuration list for PBXNativeTarget "JSONSwiftGenerator" */;
			buildPhases = (
				263781961E65B71500BE6706 /* Sources */,
				263781971E65B71500BE6706 /* Frameworks */,
				263781981E65B71500BE6706 /* CopyFiles */,
			);
			buildRules = (
			);
			dependencies = (
			);
			name = JSONSwiftGenerator;
			productName = JSONSwiftGenerator;
			productReference = 2637819A1E65B71500BE6706 /* JSONSwiftGenerator */;
			productType = "com.apple.product-type.tool";
		};
/* End PBXNativeTarget section */

/* Begin PBXProject section */
		263781921E65B71500BE6706 /* Project object */ = {
			isa = PBXProject;
			attributes = {
				LastSwiftUpdateCheck = 0820;
				LastUpgradeCheck = 0900;
				ORGANIZATIONNAME = Bren;
				TargetAttributes = {
					263781991E65B71500BE6706 = {
						CreatedOnToolsVersion = 8.2.1;
						DevelopmentTeam = JVV56LA836;
						LastSwiftMigration = 0900;
						ProvisioningStyle = Automatic;
					};
				};
			};
			buildConfigurationList = 263781951E65B71500BE6706 /* Build configuration list for PBXProject "JSONSwiftGenerator" */;
			compatibilityVersion = "Xcode 3.2";
			developmentRegion = English;
			hasScannedForEncodings = 0;
			knownRegions = (
				en,
			);
			mainGroup = 263781911E65B71500BE6706;
			productRefGroup = 2637819B1E65B71500BE6706 /* Products */;
			projectDirPath = "";
			projectRoot = "";
			targets = (
				263781991E65B71500BE6706 /* JSONSwiftGenerator */,
			);
		};
/* End PBXProject section */

/* Begin PBXSourcesBuildPhase section */
		263781961E65B71500BE6706 /* Sources */ = {
			isa = PBXSourcesBuildPhase;
			buildActionMask = 2147483647;
			files = (
				263781B11E65DC8900BE6706 /* JSONType.swift in Sources */,
				2637819E1E65B71500BE6706 /* main.swift in Sources */,
				26FA93221E674F5C00A5DF05 /* DataRouter.swift in Sources */,
				263781AB1E65C87000BE6706 /* JSONCollection.swift in Sources */,
				263781B31E65DE9C00BE6706 /* FileTextBlock.swift in Sources */,
				AF5A59D71E69BFDE009F531E /* String+CamelCase.swift in Sources */,
				263781AF1E65C97600BE6706 /* JSONInteractor.swift in Sources */,
				263781A71E65C67500BE6706 /* IOWrapper.swift in Sources */,
				26FAFDAC1E6721FE00609139 /* RecognizedArguments.swift in Sources */,
				26FA93241E67531800A5DF05 /* LaunchRouter.swift in Sources */,
				AF5A59D91E69C110009F531E /* Character+Uppercase.swift in Sources */,
				AF5C0AE81E69CEAB00CBC93E /* String+Uppercase.swift in Sources */,
				263781A91E65C79400BE6706 /* JSONToSwiftError.swift in Sources */,
				263781AD1E65C92700BE6706 /* JSONToSwift.swift in Sources */,
				AF5C0AEA1E69D17500CBC93E /* String+Filtering.swift in Sources */,
				AF0EB4BD1E69F2F90037BBCF /* SwiftLanguage.swift in Sources */,
			);
			runOnlyForDeploymentPostprocessing = 0;
		};
/* End PBXSourcesBuildPhase section */

/* Begin XCBuildConfiguration section */
		2637819F1E65B71500BE6706 /* Debug */ = {
			isa = XCBuildConfiguration;
			buildSettings = {
				ALWAYS_SEARCH_USER_PATHS = NO;
				CLANG_ANALYZER_NONNULL = YES;
				CLANG_CXX_LANGUAGE_STANDARD = "gnu++0x";
				CLANG_CXX_LIBRARY = "libc++";
				CLANG_ENABLE_MODULES = YES;
				CLANG_ENABLE_OBJC_ARC = YES;
				CLANG_WARN_BLOCK_CAPTURE_AUTORELEASING = YES;
				CLANG_WARN_BOOL_CONVERSION = YES;
				CLANG_WARN_COMMA = YES;
				CLANG_WARN_CONSTANT_CONVERSION = YES;
				CLANG_WARN_DIRECT_OBJC_ISA_USAGE = YES_ERROR;
				CLANG_WARN_DOCUMENTATION_COMMENTS = YES;
				CLANG_WARN_EMPTY_BODY = YES;
				CLANG_WARN_ENUM_CONVERSION = YES;
				CLANG_WARN_INFINITE_RECURSION = YES;
				CLANG_WARN_INT_CONVERSION = YES;
				CLANG_WARN_NON_LITERAL_NULL_CONVERSION = YES;
				CLANG_WARN_OBJC_LITERAL_CONVERSION = YES;
				CLANG_WARN_OBJC_ROOT_CLASS = YES_ERROR;
				CLANG_WARN_RANGE_LOOP_ANALYSIS = YES;
				CLANG_WARN_STRICT_PROTOTYPES = YES;
				CLANG_WARN_SUSPICIOUS_MOVE = YES;
				CLANG_WARN_UNREACHABLE_CODE = YES;
				CLANG_WARN__DUPLICATE_METHOD_MATCH = YES;
				CODE_SIGN_IDENTITY = "-";
				COPY_PHASE_STRIP = NO;
				DEBUG_INFORMATION_FORMAT = dwarf;
				ENABLE_STRICT_OBJC_MSGSEND = YES;
				ENABLE_TESTABILITY = YES;
				GCC_C_LANGUAGE_STANDARD = gnu99;
				GCC_DYNAMIC_NO_PIC = NO;
				GCC_NO_COMMON_BLOCKS = YES;
				GCC_OPTIMIZATION_LEVEL = 0;
				GCC_PREPROCESSOR_DEFINITIONS = (
					"DEBUG=1",
					"$(inherited)",
				);
				GCC_WARN_64_TO_32_BIT_CONVERSION = YES;
				GCC_WARN_ABOUT_RETURN_TYPE = YES_ERROR;
				GCC_WARN_UNDECLARED_SELECTOR = YES;
				GCC_WARN_UNINITIALIZED_AUTOS = YES_AGGRESSIVE;
				GCC_WARN_UNUSED_FUNCTION = YES;
				GCC_WARN_UNUSED_VARIABLE = YES;
				MACOSX_DEPLOYMENT_TARGET = 10.9;
				MTL_ENABLE_DEBUG_INFO = YES;
				ONLY_ACTIVE_ARCH = YES;
				SDKROOT = macosx;
				SWIFT_OPTIMIZATION_LEVEL = "-Onone";
			};
			name = Debug;
		};
		263781A01E65B71500BE6706 /* Release */ = {
			isa = XCBuildConfiguration;
			buildSettings = {
				ALWAYS_SEARCH_USER_PATHS = NO;
				CLANG_ANALYZER_NONNULL = YES;
				CLANG_CXX_LANGUAGE_STANDARD = "gnu++0x";
				CLANG_CXX_LIBRARY = "libc++";
				CLANG_ENABLE_MODULES = YES;
				CLANG_ENABLE_OBJC_ARC = YES;
				CLANG_WARN_BLOCK_CAPTURE_AUTORELEASING = YES;
				CLANG_WARN_BOOL_CONVERSION = YES;
				CLANG_WARN_COMMA = YES;
				CLANG_WARN_CONSTANT_CONVERSION = YES;
				CLANG_WARN_DIRECT_OBJC_ISA_USAGE = YES_ERROR;
				CLANG_WARN_DOCUMENTATION_COMMENTS = YES;
				CLANG_WARN_EMPTY_BODY = YES;
				CLANG_WARN_ENUM_CONVERSION = YES;
				CLANG_WARN_INFINITE_RECURSION = YES;
				CLANG_WARN_INT_CONVERSION = YES;
				CLANG_WARN_NON_LITERAL_NULL_CONVERSION = YES;
				CLANG_WARN_OBJC_LITERAL_CONVERSION = YES;
				CLANG_WARN_OBJC_ROOT_CLASS = YES_ERROR;
				CLANG_WARN_RANGE_LOOP_ANALYSIS = YES;
				CLANG_WARN_STRICT_PROTOTYPES = YES;
				CLANG_WARN_SUSPICIOUS_MOVE = YES;
				CLANG_WARN_UNREACHABLE_CODE = YES;
				CLANG_WARN__DUPLICATE_METHOD_MATCH = YES;
				CODE_SIGN_IDENTITY = "-";
				COPY_PHASE_STRIP = NO;
				DEBUG_INFORMATION_FORMAT = "dwarf-with-dsym";
				ENABLE_NS_ASSERTIONS = NO;
				ENABLE_STRICT_OBJC_MSGSEND = YES;
				GCC_C_LANGUAGE_STANDARD = gnu99;
				GCC_NO_COMMON_BLOCKS = YES;
				GCC_WARN_64_TO_32_BIT_CONVERSION = YES;
				GCC_WARN_ABOUT_RETURN_TYPE = YES_ERROR;
				GCC_WARN_UNDECLARED_SELECTOR = YES;
				GCC_WARN_UNINITIALIZED_AUTOS = YES_AGGRESSIVE;
				GCC_WARN_UNUSED_FUNCTION = YES;
				GCC_WARN_UNUSED_VARIABLE = YES;
				MACOSX_DEPLOYMENT_TARGET = 10.9;
				MTL_ENABLE_DEBUG_INFO = NO;
				SDKROOT = macosx;
			};
			name = Release;
		};
		263781A21E65B71500BE6706 /* Debug */ = {
			isa = XCBuildConfiguration;
			buildSettings = {
				DEVELOPMENT_TEAM = JVV56LA836;
				PRODUCT_NAME = "$(TARGET_NAME)";
				SWIFT_SWIFT3_OBJC_INFERENCE = On;
				SWIFT_VERSION = 4.0;
			};
			name = Debug;
		};
		263781A31E65B71500BE6706 /* Release */ = {
			isa = XCBuildConfiguration;
			buildSettings = {
				DEVELOPMENT_TEAM = JVV56LA836;
				PRODUCT_NAME = "$(TARGET_NAME)";
				SWIFT_OPTIMIZATION_LEVEL = "-Owholemodule";
				SWIFT_SWIFT3_OBJC_INFERENCE = On;
				SWIFT_VERSION = 4.0;
			};
			name = Release;
		};
/* End XCBuildConfiguration section */

/* Begin XCConfigurationList section */
		263781951E65B71500BE6706 /* Build configuration list for PBXProject "JSONSwiftGenerator" */ = {
			isa = XCConfigurationList;
			buildConfigurations = (
				2637819F1E65B71500BE6706 /* Debug */,
				263781A01E65B71500BE6706 /* Release */,
			);
			defaultConfigurationIsVisible = 0;
			defaultConfigurationName = Release;
		};
		263781A11E65B71500BE6706 /* Build configuration list for PBXNativeTarget "JSONSwiftGenerator" */ = {
			isa = XCConfigurationList;
			buildConfigurations = (
				263781A21E65B71500BE6706 /* Debug */,
				263781A31E65B71500BE6706 /* Release */,
			);
			defaultConfigurationIsVisible = 0;
			defaultConfigurationName = Release;
		};
/* End XCConfigurationList section */
	};
	rootObject = 263781921E65B71500BE6706 /* Project object */;
}
